// !$*UTF8*$!
{
	archiveVersion = 1;
	classes = {
	};
	objectVersion = 50;
	objects = {

/* Begin PBXBuildFile section */
		DC6538082427FEE5002AB03D /* LineViewController.swift in Sources */ = {isa = PBXBuildFile; fileRef = DC6538072427FEE5002AB03D /* LineViewController.swift */; };
		DC65380C2428131C002AB03D /* SplitViewController.swift in Sources */ = {isa = PBXBuildFile; fileRef = DC65380B2428131C002AB03D /* SplitViewController.swift */; };
		DC697ACE24287A9800E9DBBB /* Read Me.rtf in Resources */ = {isa = PBXBuildFile; fileRef = DC697ACD24287A9800E9DBBB /* Read Me.rtf */; };
		DCD585B324268D3E0043E687 /* AppDelegate.swift in Sources */ = {isa = PBXBuildFile; fileRef = DCD585B224268D3E0043E687 /* AppDelegate.swift */; };
		DCD585B524268D3E0043E687 /* AnimationScene.sks in Resources */ = {isa = PBXBuildFile; fileRef = DCD585B424268D3E0043E687 /* AnimationScene.sks */; };
		DCD585B724268D3E0043E687 /* Actions.sks in Resources */ = {isa = PBXBuildFile; fileRef = DCD585B624268D3E0043E687 /* Actions.sks */; };
		DCD585B924268D3E0043E687 /* AnimationScene.swift in Sources */ = {isa = PBXBuildFile; fileRef = DCD585B824268D3E0043E687 /* AnimationScene.swift */; };
		DCD585BB24268D3E0043E687 /* AnimationViewController.swift in Sources */ = {isa = PBXBuildFile; fileRef = DCD585BA24268D3E0043E687 /* AnimationViewController.swift */; };
		DCD585BD24268D400043E687 /* Assets.xcassets in Resources */ = {isa = PBXBuildFile; fileRef = DCD585BC24268D400043E687 /* Assets.xcassets */; };
		DCD585C024268D400043E687 /* Main.storyboard in Resources */ = {isa = PBXBuildFile; fileRef = DCD585BE24268D400043E687 /* Main.storyboard */; };
		DCEC74C82429323A008A0AD3 /* ContainerViewController.swift in Sources */ = {isa = PBXBuildFile; fileRef = DCEC74C72429323A008A0AD3 /* ContainerViewController.swift */; };
		DCEC74CA24293E6D008A0AD3 /* Stuff.swift in Sources */ = {isa = PBXBuildFile; fileRef = DCEC74C924293E6D008A0AD3 /* Stuff.swift */; };
/* End PBXBuildFile section */

/* Begin PBXCopyFilesBuildPhase section */
		DC6537FB2427F67F002AB03D /* Embed Frameworks */ = {
			isa = PBXCopyFilesBuildPhase;
			buildActionMask = 2147483647;
			dstPath = "";
			dstSubfolderSpec = 10;
			files = (
			);
			name = "Embed Frameworks";
			runOnlyForDeploymentPostprocessing = 0;
		};
/* End PBXCopyFilesBuildPhase section */

/* Begin PBXFileReference section */
		DC6538072427FEE5002AB03D /* LineViewController.swift */ = {isa = PBXFileReference; lastKnownFileType = sourcecode.swift; path = LineViewController.swift; sourceTree = "<group>"; };
		DC65380B2428131C002AB03D /* SplitViewController.swift */ = {isa = PBXFileReference; lastKnownFileType = sourcecode.swift; path = SplitViewController.swift; sourceTree = "<group>"; };
		DC697ACD24287A9800E9DBBB /* Read Me.rtf */ = {isa = PBXFileReference; lastKnownFileType = text.rtf; path = "Read Me.rtf"; sourceTree = "<group>"; };
		DCD585AF24268D3E0043E687 /* Infectious.app */ = {isa = PBXFileReference; explicitFileType = wrapper.application; includeInIndex = 0; path = Infectious.app; sourceTree = BUILT_PRODUCTS_DIR; };
		DCD585B224268D3E0043E687 /* AppDelegate.swift */ = {isa = PBXFileReference; lastKnownFileType = sourcecode.swift; path = AppDelegate.swift; sourceTree = "<group>"; };
		DCD585B424268D3E0043E687 /* AnimationScene.sks */ = {isa = PBXFileReference; lastKnownFileType = file.sks; path = AnimationScene.sks; sourceTree = "<group>"; };
		DCD585B624268D3E0043E687 /* Actions.sks */ = {isa = PBXFileReference; lastKnownFileType = file.sks; path = Actions.sks; sourceTree = "<group>"; };
		DCD585B824268D3E0043E687 /* AnimationScene.swift */ = {isa = PBXFileReference; lastKnownFileType = sourcecode.swift; path = AnimationScene.swift; sourceTree = "<group>"; };
		DCD585BA24268D3E0043E687 /* AnimationViewController.swift */ = {isa = PBXFileReference; lastKnownFileType = sourcecode.swift; path = AnimationViewController.swift; sourceTree = "<group>"; };
		DCD585BC24268D400043E687 /* Assets.xcassets */ = {isa = PBXFileReference; lastKnownFileType = folder.assetcatalog; path = Assets.xcassets; sourceTree = "<group>"; };
		DCD585BF24268D400043E687 /* Base */ = {isa = PBXFileReference; lastKnownFileType = file.storyboard; name = Base; path = Base.lproj/Main.storyboard; sourceTree = "<group>"; };
		DCD585C124268D400043E687 /* Info.plist */ = {isa = PBXFileReference; lastKnownFileType = text.plist.xml; path = Info.plist; sourceTree = "<group>"; };
		DCD585C224268D400043E687 /* Infectious.entitlements */ = {isa = PBXFileReference; lastKnownFileType = text.plist.entitlements; path = Infectious.entitlements; sourceTree = "<group>"; };
		DCEC74C72429323A008A0AD3 /* ContainerViewController.swift */ = {isa = PBXFileReference; lastKnownFileType = sourcecode.swift; path = ContainerViewController.swift; sourceTree = "<group>"; };
		DCEC74C924293E6D008A0AD3 /* Stuff.swift */ = {isa = PBXFileReference; lastKnownFileType = sourcecode.swift; path = Stuff.swift; sourceTree = "<group>"; };
/* End PBXFileReference section */

/* Begin PBXFrameworksBuildPhase section */
		DCD585AC24268D3E0043E687 /* Frameworks */ = {
			isa = PBXFrameworksBuildPhase;
			buildActionMask = 2147483647;
			files = (
			);
			runOnlyForDeploymentPostprocessing = 0;
		};
/* End PBXFrameworksBuildPhase section */

/* Begin PBXGroup section */
		DC6537F82427F67F002AB03D /* Frameworks */ = {
			isa = PBXGroup;
			children = (
			);
			name = Frameworks;
			sourceTree = "<group>";
		};
		DCD585A624268D3E0043E687 = {
			isa = PBXGroup;
			children = (
				DCD585B124268D3E0043E687 /* Infectious */,
				DCD585B024268D3E0043E687 /* Products */,
				DC6537F82427F67F002AB03D /* Frameworks */,
			);
			sourceTree = "<group>";
		};
		DCD585B024268D3E0043E687 /* Products */ = {
			isa = PBXGroup;
			children = (
				DCD585AF24268D3E0043E687 /* Infectious.app */,
			);
			name = Products;
			sourceTree = "<group>";
		};
		DCD585B124268D3E0043E687 /* Infectious */ = {
			isa = PBXGroup;
			children = (
				DC697ACD24287A9800E9DBBB /* Read Me.rtf */,
				DCD585B224268D3E0043E687 /* AppDelegate.swift */,
				DCD585B624268D3E0043E687 /* Actions.sks */,
				DCD585B424268D3E0043E687 /* AnimationScene.sks */,
				DCD585B824268D3E0043E687 /* AnimationScene.swift */,
				DCEC74CB24295A44008A0AD3 /* ViewControllers */,
				DCEC74C924293E6D008A0AD3 /* Stuff.swift */,
				DCD585BC24268D400043E687 /* Assets.xcassets */,
				DCD585BE24268D400043E687 /* Main.storyboard */,
				DCD585C124268D400043E687 /* Info.plist */,
				DCD585C224268D400043E687 /* Infectious.entitlements */,
			);
			path = Infectious;
			sourceTree = "<group>";
		};
		DCEC74CB24295A44008A0AD3 /* ViewControllers */ = {
			isa = PBXGroup;
			children = (
				DC65380B2428131C002AB03D /* SplitViewController.swift */,
				DCEC74C72429323A008A0AD3 /* ContainerViewController.swift */,
				DCD585BA24268D3E0043E687 /* AnimationViewController.swift */,
				DC6538072427FEE5002AB03D /* LineViewController.swift */,
			);
			path = ViewControllers;
			sourceTree = "<group>";
		};
/* End PBXGroup section */

/* Begin PBXNativeTarget section */
		DCD585AE24268D3E0043E687 /* Infectious */ = {
			isa = PBXNativeTarget;
			buildConfigurationList = DCD585C524268D400043E687 /* Build configuration list for PBXNativeTarget "Infectious" */;
			buildPhases = (
				DCD585AB24268D3E0043E687 /* Sources */,
				DCD585AC24268D3E0043E687 /* Frameworks */,
				DCD585AD24268D3E0043E687 /* Resources */,
				DC6537FB2427F67F002AB03D /* Embed Frameworks */,
			);
			buildRules = (
			);
			dependencies = (
			);
			name = Infectious;
			productName = Infectious;
			productReference = DCD585AF24268D3E0043E687 /* Infectious.app */;
			productType = "com.apple.product-type.application";
		};
/* End PBXNativeTarget section */

/* Begin PBXProject section */
		DCD585A724268D3E0043E687 /* Project object */ = {
			isa = PBXProject;
			attributes = {
				LastSwiftUpdateCheck = 1130;
				LastUpgradeCheck = 1130;
				ORGANIZATIONNAME = "Thomas Hartmann";
				TargetAttributes = {
					DCD585AE24268D3E0043E687 = {
						CreatedOnToolsVersion = 11.3.1;
					};
				};
			};
			buildConfigurationList = DCD585AA24268D3E0043E687 /* Build configuration list for PBXProject "Infectious" */;
			compatibilityVersion = "Xcode 9.3";
			developmentRegion = en;
			hasScannedForEncodings = 0;
			knownRegions = (
				en,
				Base,
			);
			mainGroup = DCD585A624268D3E0043E687;
			productRefGroup = DCD585B024268D3E0043E687 /* Products */;
			projectDirPath = "";
			projectRoot = "";
			targets = (
				DCD585AE24268D3E0043E687 /* Infectious */,
			);
		};
/* End PBXProject section */

/* Begin PBXResourcesBuildPhase section */
		DCD585AD24268D3E0043E687 /* Resources */ = {
			isa = PBXResourcesBuildPhase;
			buildActionMask = 2147483647;
			files = (
				DCD585B524268D3E0043E687 /* AnimationScene.sks in Resources */,
				DCD585BD24268D400043E687 /* Assets.xcassets in Resources */,
				DCD585B724268D3E0043E687 /* Actions.sks in Resources */,
				DC697ACE24287A9800E9DBBB /* Read Me.rtf in Resources */,
				DCD585C024268D400043E687 /* Main.storyboard in Resources */,
			);
			runOnlyForDeploymentPostprocessing = 0;
		};
/* End PBXResourcesBuildPhase section */

/* Begin PBXSourcesBuildPhase section */
		DCD585AB24268D3E0043E687 /* Sources */ = {
			isa = PBXSourcesBuildPhase;
			buildActionMask = 2147483647;
			files = (
				DC65380C2428131C002AB03D /* SplitViewController.swift in Sources */,
				DCD585BB24268D3E0043E687 /* AnimationViewController.swift in Sources */,
				DCD585B924268D3E0043E687 /* AnimationScene.swift in Sources */,
				DC6538082427FEE5002AB03D /* LineViewController.swift in Sources */,
				DCEC74C82429323A008A0AD3 /* ContainerViewController.swift in Sources */,
				DCEC74CA24293E6D008A0AD3 /* Stuff.swift in Sources */,
				DCD585B324268D3E0043E687 /* AppDelegate.swift in Sources */,
			);
			runOnlyForDeploymentPostprocessing = 0;
		};
/* End PBXSourcesBuildPhase section */

/* Begin PBXVariantGroup section */
		DCD585BE24268D400043E687 /* Main.storyboard */ = {
			isa = PBXVariantGroup;
			children = (
				DCD585BF24268D400043E687 /* Base */,
			);
			name = Main.storyboard;
			sourceTree = "<group>";
		};
/* End PBXVariantGroup section */

/* Begin XCBuildConfiguration section */
		DCD585C324268D400043E687 /* Debug */ = {
			isa = XCBuildConfiguration;
			buildSettings = {
				ALWAYS_SEARCH_USER_PATHS = NO;
				CLANG_ANALYZER_NONNULL = YES;
				CLANG_ANALYZER_NUMBER_OBJECT_CONVERSION = YES_AGGRESSIVE;
				CLANG_CXX_LANGUAGE_STANDARD = "gnu++14";
				CLANG_CXX_LIBRARY = "libc++";
				CLANG_ENABLE_MODULES = YES;
				CLANG_ENABLE_OBJC_ARC = YES;
				CLANG_ENABLE_OBJC_WEAK = YES;
				CLANG_WARN_BLOCK_CAPTURE_AUTORELEASING = YES;
				CLANG_WARN_BOOL_CONVERSION = YES;
				CLANG_WARN_COMMA = YES;
				CLANG_WARN_CONSTANT_CONVERSION = YES;
				CLANG_WARN_DEPRECATED_OBJC_IMPLEMENTATIONS = YES;
				CLANG_WARN_DIRECT_OBJC_ISA_USAGE = YES_ERROR;
				CLANG_WARN_DOCUMENTATION_COMMENTS = YES;
				CLANG_WARN_EMPTY_BODY = YES;
				CLANG_WARN_ENUM_CONVERSION = YES;
				CLANG_WARN_INFINITE_RECURSION = YES;
				CLANG_WARN_INT_CONVERSION = YES;
				CLANG_WARN_NON_LITERAL_NULL_CONVERSION = YES;
				CLANG_WARN_OBJC_IMPLICIT_RETAIN_SELF = YES;
				CLANG_WARN_OBJC_LITERAL_CONVERSION = YES;
				CLANG_WARN_OBJC_ROOT_CLASS = YES_ERROR;
				CLANG_WARN_RANGE_LOOP_ANALYSIS = YES;
				CLANG_WARN_STRICT_PROTOTYPES = YES;
				CLANG_WARN_SUSPICIOUS_MOVE = YES;
				CLANG_WARN_UNGUARDED_AVAILABILITY = YES_AGGRESSIVE;
				CLANG_WARN_UNREACHABLE_CODE = YES;
				CLANG_WARN__DUPLICATE_METHOD_MATCH = YES;
				COPY_PHASE_STRIP = NO;
				DEBUG_INFORMATION_FORMAT = dwarf;
				ENABLE_STRICT_OBJC_MSGSEND = YES;
				ENABLE_TESTABILITY = YES;
				GCC_C_LANGUAGE_STANDARD = gnu11;
				GCC_DYNAMIC_NO_PIC = NO;
				GCC_NO_COMMON_BLOCKS = YES;
				GCC_OPTIMIZATION_LEVEL = 0;
				GCC_PREPROCESSOR_DEFINITIONS = (
					"DEBUG=1",
					"$(inherited)",
				);
				GCC_WARN_64_TO_32_BIT_CONVERSION = YES;
				GCC_WARN_ABOUT_RETURN_TYPE = YES_ERROR;
				GCC_WARN_UNDECLARED_SELECTOR = YES;
				GCC_WARN_UNINITIALIZED_AUTOS = YES_AGGRESSIVE;
				GCC_WARN_UNUSED_FUNCTION = YES;
				GCC_WARN_UNUSED_VARIABLE = YES;
				MACOSX_DEPLOYMENT_TARGET = 10.14;
				MTL_ENABLE_DEBUG_INFO = INCLUDE_SOURCE;
				MTL_FAST_MATH = YES;
				ONLY_ACTIVE_ARCH = YES;
				SDKROOT = macosx;
				SWIFT_ACTIVE_COMPILATION_CONDITIONS = DEBUG;
				SWIFT_OPTIMIZATION_LEVEL = "-Onone";
			};
			name = Debug;
		};
		DCD585C424268D400043E687 /* Release */ = {
			isa = XCBuildConfiguration;
			buildSettings = {
				ALWAYS_SEARCH_USER_PATHS = NO;
				CLANG_ANALYZER_NONNULL = YES;
				CLANG_ANALYZER_NUMBER_OBJECT_CONVERSION = YES_AGGRESSIVE;
				CLANG_CXX_LANGUAGE_STANDARD = "gnu++14";
				CLANG_CXX_LIBRARY = "libc++";
				CLANG_ENABLE_MODULES = YES;
				CLANG_ENABLE_OBJC_ARC = YES;
				CLANG_ENABLE_OBJC_WEAK = YES;
				CLANG_WARN_BLOCK_CAPTURE_AUTORELEASING = YES;
				CLANG_WARN_BOOL_CONVERSION = YES;
				CLANG_WARN_COMMA = YES;
				CLANG_WARN_CONSTANT_CONVERSION = YES;
				CLANG_WARN_DEPRECATED_OBJC_IMPLEMENTATIONS = YES;
				CLANG_WARN_DIRECT_OBJC_ISA_USAGE = YES_ERROR;
				CLANG_WARN_DOCUMENTATION_COMMENTS = YES;
				CLANG_WARN_EMPTY_BODY = YES;
				CLANG_WARN_ENUM_CONVERSION = YES;
				CLANG_WARN_INFINITE_RECURSION = YES;
				CLANG_WARN_INT_CONVERSION = YES;
				CLANG_WARN_NON_LITERAL_NULL_CONVERSION = YES;
				CLANG_WARN_OBJC_IMPLICIT_RETAIN_SELF = YES;
				CLANG_WARN_OBJC_LITERAL_CONVERSION = YES;
				CLANG_WARN_OBJC_ROOT_CLASS = YES_ERROR;
				CLANG_WARN_RANGE_LOOP_ANALYSIS = YES;
				CLANG_WARN_STRICT_PROTOTYPES = YES;
				CLANG_WARN_SUSPICIOUS_MOVE = YES;
				CLANG_WARN_UNGUARDED_AVAILABILITY = YES_AGGRESSIVE;
				CLANG_WARN_UNREACHABLE_CODE = YES;
				CLANG_WARN__DUPLICATE_METHOD_MATCH = YES;
				COPY_PHASE_STRIP = NO;
				DEBUG_INFORMATION_FORMAT = "dwarf-with-dsym";
				ENABLE_NS_ASSERTIONS = NO;
				ENABLE_STRICT_OBJC_MSGSEND = YES;
				GCC_C_LANGUAGE_STANDARD = gnu11;
				GCC_NO_COMMON_BLOCKS = YES;
				GCC_WARN_64_TO_32_BIT_CONVERSION = YES;
				GCC_WARN_ABOUT_RETURN_TYPE = YES_ERROR;
				GCC_WARN_UNDECLARED_SELECTOR = YES;
				GCC_WARN_UNINITIALIZED_AUTOS = YES_AGGRESSIVE;
				GCC_WARN_UNUSED_FUNCTION = YES;
				GCC_WARN_UNUSED_VARIABLE = YES;
				MACOSX_DEPLOYMENT_TARGET = 10.14;
				MTL_ENABLE_DEBUG_INFO = NO;
				MTL_FAST_MATH = YES;
				SDKROOT = macosx;
				SWIFT_COMPILATION_MODE = wholemodule;
				SWIFT_OPTIMIZATION_LEVEL = "-O";
			};
			name = Release;
		};
		DCD585C624268D400043E687 /* Debug */ = {
			isa = XCBuildConfiguration;
			buildSettings = {
				ASSETCATALOG_COMPILER_APPICON_NAME = AppIcon;
				CODE_SIGN_ENTITLEMENTS = Infectious/Infectious.entitlements;
				CODE_SIGN_IDENTITY = "Apple Development";
				CODE_SIGN_STYLE = Automatic;
				COMBINE_HIDPI_IMAGES = YES;
				DEVELOPMENT_TEAM = WTR88VJ6Q4;
				ENABLE_HARDENED_RUNTIME = YES;
				INFOPLIST_FILE = Infectious/Info.plist;
				LD_RUNPATH_SEARCH_PATHS = (
					"$(inherited)",
					"@executable_path/../Frameworks",
				);
				PRODUCT_BUNDLE_IDENTIFIER = "Northern-Exposures.Infectious";
				PRODUCT_NAME = "$(TARGET_NAME)";
				SWIFT_VERSION = 5.0;
			};
			name = Debug;
		};
		DCD585C724268D400043E687 /* Release */ = {
			isa = XCBuildConfiguration;
			buildSettings = {
				ASSETCATALOG_COMPILER_APPICON_NAME = AppIcon;
				CODE_SIGN_ENTITLEMENTS = Infectious/Infectious.entitlements;
				CODE_SIGN_IDENTITY = "Apple Development";
				CODE_SIGN_STYLE = Automatic;
				COMBINE_HIDPI_IMAGES = YES;
				DEVELOPMENT_TEAM = WTR88VJ6Q4;
				ENABLE_HARDENED_RUNTIME = YES;
				INFOPLIST_FILE = Infectious/Info.plist;
				LD_RUNPATH_SEARCH_PATHS = (
					"$(inherited)",
					"@executable_path/../Frameworks",
				);
				PRODUCT_BUNDLE_IDENTIFIER = "Northern-Exposures.Infectious";
				PRODUCT_NAME = "$(TARGET_NAME)";
				SWIFT_VERSION = 5.0;
			};
			name = Release;
		};
/* End XCBuildConfiguration section */

/* Begin XCConfigurationList section */
		DCD585AA24268D3E0043E687 /* Build configuration list for PBXProject "Infectious" */ = {
			isa = XCConfigurationList;
			buildConfigurations = (
				DCD585C324268D400043E687 /* Debug */,
				DCD585C424268D400043E687 /* Release */,
			);
			defaultConfigurationIsVisible = 0;
			defaultConfigurationName = Release;
		};
		DCD585C524268D400043E687 /* Build configuration list for PBXNativeTarget "Infectious" */ = {
			isa = XCConfigurationList;
			buildConfigurations = (
				DCD585C624268D400043E687 /* Debug */,
				DCD585C724268D400043E687 /* Release */,
			);
			defaultConfigurationIsVisible = 0;
			defaultConfigurationName = Release;
		};
/* End XCConfigurationList section */
	};
	rootObject = DCD585A724268D3E0043E687 /* Project object */;
}
